// !$*UTF8*$!
{
	archiveVersion = 1;
	classes = {
	};
	objectVersion = 77;
	objects = {

/* Begin PBXBuildFile section */
		8DF535EB2CCADA130093463B /* Alamofire in Frameworks */ = {isa = PBXBuildFile; productRef = 8DF535EA2CCADA130093463B /* Alamofire */; };
/* End PBXBuildFile section */

/* Begin PBXContainerItemProxy section */
		8DF535C52CCAD95C0093463B /* PBXContainerItemProxy */ = {
			isa = PBXContainerItemProxy;
			containerPortal = 8DF535AC2CCAD95B0093463B /* Project object */;
			proxyType = 1;
			remoteGlobalIDString = 8DF535B32CCAD95B0093463B;
			remoteInfo = BlueskyPoster;
		};
		8DF535CF2CCAD95C0093463B /* PBXContainerItemProxy */ = {
			isa = PBXContainerItemProxy;
			containerPortal = 8DF535AC2CCAD95B0093463B /* Project object */;
			proxyType = 1;
			remoteGlobalIDString = 8DF535B32CCAD95B0093463B;
			remoteInfo = BlueskyPoster;
		};
/* End PBXContainerItemProxy section */

/* Begin PBXFileReference section */
		8DF535B42CCAD95B0093463B /* BlueskyPoster.app */ = {isa = PBXFileReference; explicitFileType = wrapper.application; includeInIndex = 0; path = BlueskyPoster.app; sourceTree = BUILT_PRODUCTS_DIR; };
		8DF535C42CCAD95C0093463B /* BlueskyPosterTests.xctest */ = {isa = PBXFileReference; explicitFileType = wrapper.cfbundle; includeInIndex = 0; path = BlueskyPosterTests.xctest; sourceTree = BUILT_PRODUCTS_DIR; };
		8DF535CE2CCAD95C0093463B /* BlueskyPosterUITests.xctest */ = {isa = PBXFileReference; explicitFileType = wrapper.cfbundle; includeInIndex = 0; path = BlueskyPosterUITests.xctest; sourceTree = BUILT_PRODUCTS_DIR; };
/* End PBXFileReference section */

/* Begin PBXFileSystemSynchronizedBuildFileExceptionSet section */
		8DF535E42CCAD97D0093463B /* Exceptions for "BlueskyPoster" folder in "BlueskyPoster" target */ = {
			isa = PBXFileSystemSynchronizedBuildFileExceptionSet;
			membershipExceptions = (
				Info.plist,
			);
			target = 8DF535B32CCAD95B0093463B /* BlueskyPoster */;
		};
/* End PBXFileSystemSynchronizedBuildFileExceptionSet section */

/* Begin PBXFileSystemSynchronizedRootGroup section */
		8DF535B62CCAD95B0093463B /* BlueskyPoster */ = {
			isa = PBXFileSystemSynchronizedRootGroup;
			exceptions = (
				8DF535E42CCAD97D0093463B /* Exceptions for "BlueskyPoster" folder in "BlueskyPoster" target */,
			);
			path = BlueskyPoster;
			sourceTree = "<group>";
		};
		8DF535C72CCAD95C0093463B /* BlueskyPosterTests */ = {
			isa = PBXFileSystemSynchronizedRootGroup;
			path = BlueskyPosterTests;
			sourceTree = "<group>";
		};
		8DF535D12CCAD95C0093463B /* BlueskyPosterUITests */ = {
			isa = PBXFileSystemSynchronizedRootGroup;
			path = BlueskyPosterUITests;
			sourceTree = "<group>";
		};
/* End PBXFileSystemSynchronizedRootGroup section */

/* Begin PBXFrameworksBuildPhase section */
		8DF535B12CCAD95B0093463B /* Frameworks */ = {
			isa = PBXFrameworksBuildPhase;
			buildActionMask = 2147483647;
			files = (
				8DF535EB2CCADA130093463B /* Alamofire in Frameworks */,
			);
			runOnlyForDeploymentPostprocessing = 0;
		};
		8DF535C12CCAD95C0093463B /* Frameworks */ = {
			isa = PBXFrameworksBuildPhase;
			buildActionMask = 2147483647;
			files = (
			);
			runOnlyForDeploymentPostprocessing = 0;
		};
		8DF535CB2CCAD95C0093463B /* Frameworks */ = {
			isa = PBXFrameworksBuildPhase;
			buildActionMask = 2147483647;
			files = (
			);
			runOnlyForDeploymentPostprocessing = 0;
		};
/* End PBXFrameworksBuildPhase section */

/* Begin PBXGroup section */
		8DF535AB2CCAD95B0093463B = {
			isa = PBXGroup;
			children = (
				8DF535B62CCAD95B0093463B /* BlueskyPoster */,
				8DF535C72CCAD95C0093463B /* BlueskyPosterTests */,
				8DF535D12CCAD95C0093463B /* BlueskyPosterUITests */,
				8DF535B52CCAD95B0093463B /* Products */,
			);
			sourceTree = "<group>";
		};
		8DF535B52CCAD95B0093463B /* Products */ = {
			isa = PBXGroup;
			children = (
				8DF535B42CCAD95B0093463B /* BlueskyPoster.app */,
				8DF535C42CCAD95C0093463B /* BlueskyPosterTests.xctest */,
				8DF535CE2CCAD95C0093463B /* BlueskyPosterUITests.xctest */,
			);
			name = Products;
			sourceTree = "<group>";
		};
/* End PBXGroup section */

/* Begin PBXNativeTarget section */
		8DF535B32CCAD95B0093463B /* BlueskyPoster */ = {
			isa = PBXNativeTarget;
			buildConfigurationList = 8DF535D82CCAD95C0093463B /* Build configuration list for PBXNativeTarget "BlueskyPoster" */;
			buildPhases = (
				8DF535B02CCAD95B0093463B /* Sources */,
				8DF535B12CCAD95B0093463B /* Frameworks */,
				8DF535B22CCAD95B0093463B /* Resources */,
			);
			buildRules = (
			);
			dependencies = (
			);
			fileSystemSynchronizedGroups = (
				8DF535B62CCAD95B0093463B /* BlueskyPoster */,
			);
			name = BlueskyPoster;
			packageProductDependencies = (
				8DF535EA2CCADA130093463B /* Alamofire */,
			);
			productName = BlueskyPoster;
			productReference = 8DF535B42CCAD95B0093463B /* BlueskyPoster.app */;
			productType = "com.apple.product-type.application";
		};
		8DF535C32CCAD95C0093463B /* BlueskyPosterTests */ = {
			isa = PBXNativeTarget;
			buildConfigurationList = 8DF535DB2CCAD95C0093463B /* Build configuration list for PBXNativeTarget "BlueskyPosterTests" */;
			buildPhases = (
				8DF535C02CCAD95C0093463B /* Sources */,
				8DF535C12CCAD95C0093463B /* Frameworks */,
				8DF535C22CCAD95C0093463B /* Resources */,
			);
			buildRules = (
			);
			dependencies = (
				8DF535C62CCAD95C0093463B /* PBXTargetDependency */,
			);
			fileSystemSynchronizedGroups = (
				8DF535C72CCAD95C0093463B /* BlueskyPosterTests */,
			);
			name = BlueskyPosterTests;
			packageProductDependencies = (
			);
			productName = BlueskyPosterTests;
			productReference = 8DF535C42CCAD95C0093463B /* BlueskyPosterTests.xctest */;
			productType = "com.apple.product-type.bundle.unit-test";
		};
		8DF535CD2CCAD95C0093463B /* BlueskyPosterUITests */ = {
			isa = PBXNativeTarget;
			buildConfigurationList = 8DF535DE2CCAD95C0093463B /* Build configuration list for PBXNativeTarget "BlueskyPosterUITests" */;
			buildPhases = (
				8DF535CA2CCAD95C0093463B /* Sources */,
				8DF535CB2CCAD95C0093463B /* Frameworks */,
				8DF535CC2CCAD95C0093463B /* Resources */,
			);
			buildRules = (
			);
			dependencies = (
				8DF535D02CCAD95C0093463B /* PBXTargetDependency */,
			);
			fileSystemSynchronizedGroups = (
				8DF535D12CCAD95C0093463B /* BlueskyPosterUITests */,
			);
			name = BlueskyPosterUITests;
			packageProductDependencies = (
			);
			productName = BlueskyPosterUITests;
			productReference = 8DF535CE2CCAD95C0093463B /* BlueskyPosterUITests.xctest */;
			productType = "com.apple.product-type.bundle.ui-testing";
		};
/* End PBXNativeTarget section */

/* Begin PBXProject section */
		8DF535AC2CCAD95B0093463B /* Project object */ = {
			isa = PBXProject;
			attributes = {
				BuildIndependentTargetsInParallel = 1;
				LastSwiftUpdateCheck = 1620;
				LastUpgradeCheck = 1620;
				TargetAttributes = {
					8DF535B32CCAD95B0093463B = {
						CreatedOnToolsVersion = 16.2;
					};
					8DF535C32CCAD95C0093463B = {
						CreatedOnToolsVersion = 16.2;
						TestTargetID = 8DF535B32CCAD95B0093463B;
					};
					8DF535CD2CCAD95C0093463B = {
						CreatedOnToolsVersion = 16.2;
						TestTargetID = 8DF535B32CCAD95B0093463B;
					};
				};
			};
			buildConfigurationList = 8DF535AF2CCAD95B0093463B /* Build configuration list for PBXProject "BlueskyPoster" */;
			developmentRegion = en;
			hasScannedForEncodings = 0;
			knownRegions = (
				en,
				Base,
			);
			mainGroup = 8DF535AB2CCAD95B0093463B;
			minimizedProjectReferenceProxies = 1;
			packageReferences = (
				8DF535E92CCADA130093463B /* XCRemoteSwiftPackageReference "Alamofire" */,
			);
			preferredProjectObjectVersion = 77;
			productRefGroup = 8DF535B52CCAD95B0093463B /* Products */;
			projectDirPath = "";
			projectRoot = "";
			targets = (
				8DF535B32CCAD95B0093463B /* BlueskyPoster */,
				8DF535C32CCAD95C0093463B /* BlueskyPosterTests */,
				8DF535CD2CCAD95C0093463B /* BlueskyPosterUITests */,
			);
		};
/* End PBXProject section */

/* Begin PBXResourcesBuildPhase section */
		8DF535B22CCAD95B0093463B /* Resources */ = {
			isa = PBXResourcesBuildPhase;
			buildActionMask = 2147483647;
			files = (
			);
			runOnlyForDeploymentPostprocessing = 0;
		};
		8DF535C22CCAD95C0093463B /* Resources */ = {
			isa = PBXResourcesBuildPhase;
			buildActionMask = 2147483647;
			files = (
			);
			runOnlyForDeploymentPostprocessing = 0;
		};
		8DF535CC2CCAD95C0093463B /* Resources */ = {
			isa = PBXResourcesBuildPhase;
			buildActionMask = 2147483647;
			files = (
			);
			runOnlyForDeploymentPostprocessing = 0;
		};
/* End PBXResourcesBuildPhase section */

/* Begin PBXSourcesBuildPhase section */
		8DF535B02CCAD95B0093463B /* Sources */ = {
			isa = PBXSourcesBuildPhase;
			buildActionMask = 2147483647;
			files = (
			);
			runOnlyForDeploymentPostprocessing = 0;
		};
		8DF535C02CCAD95C0093463B /* Sources */ = {
			isa = PBXSourcesBuildPhase;
			buildActionMask = 2147483647;
			files = (
			);
			runOnlyForDeploymentPostprocessing = 0;
		};
		8DF535CA2CCAD95C0093463B /* Sources */ = {
			isa = PBXSourcesBuildPhase;
			buildActionMask = 2147483647;
			files = (
			);
			runOnlyForDeploymentPostprocessing = 0;
		};
/* End PBXSourcesBuildPhase section */

/* Begin PBXTargetDependency section */
		8DF535C62CCAD95C0093463B /* PBXTargetDependency */ = {
			isa = PBXTargetDependency;
			target = 8DF535B32CCAD95B0093463B /* BlueskyPoster */;
			targetProxy = 8DF535C52CCAD95C0093463B /* PBXContainerItemProxy */;
		};
		8DF535D02CCAD95C0093463B /* PBXTargetDependency */ = {
			isa = PBXTargetDependency;
			target = 8DF535B32CCAD95B0093463B /* BlueskyPoster */;
			targetProxy = 8DF535CF2CCAD95C0093463B /* PBXContainerItemProxy */;
		};
/* End PBXTargetDependency section */

/* Begin XCBuildConfiguration section */
		8DF535D62CCAD95C0093463B /* Debug */ = {
			isa = XCBuildConfiguration;
			buildSettings = {
				ALWAYS_SEARCH_USER_PATHS = NO;
				ASSETCATALOG_COMPILER_GENERATE_SWIFT_ASSET_SYMBOL_EXTENSIONS = YES;
				CLANG_ANALYZER_NONNULL = YES;
				CLANG_ANALYZER_NUMBER_OBJECT_CONVERSION = YES_AGGRESSIVE;
				CLANG_CXX_LANGUAGE_STANDARD = "gnu++20";
				CLANG_ENABLE_MODULES = YES;
				CLANG_ENABLE_OBJC_ARC = YES;
				CLANG_ENABLE_OBJC_WEAK = YES;
				CLANG_WARN_BLOCK_CAPTURE_AUTORELEASING = YES;
				CLANG_WARN_BOOL_CONVERSION = YES;
				CLANG_WARN_COMMA = YES;
				CLANG_WARN_CONSTANT_CONVERSION = YES;
				CLANG_WARN_DEPRECATED_OBJC_IMPLEMENTATIONS = YES;
				CLANG_WARN_DIRECT_OBJC_ISA_USAGE = YES_ERROR;
				CLANG_WARN_DOCUMENTATION_COMMENTS = YES;
				CLANG_WARN_EMPTY_BODY = YES;
				CLANG_WARN_ENUM_CONVERSION = YES;
				CLANG_WARN_INFINITE_RECURSION = YES;
				CLANG_WARN_INT_CONVERSION = YES;
				CLANG_WARN_NON_LITERAL_NULL_CONVERSION = YES;
				CLANG_WARN_OBJC_IMPLICIT_RETAIN_SELF = YES;
				CLANG_WARN_OBJC_LITERAL_CONVERSION = YES;
				CLANG_WARN_OBJC_ROOT_CLASS = YES_ERROR;
				CLANG_WARN_QUOTED_INCLUDE_IN_FRAMEWORK_HEADER = YES;
				CLANG_WARN_RANGE_LOOP_ANALYSIS = YES;
				CLANG_WARN_STRICT_PROTOTYPES = YES;
				CLANG_WARN_SUSPICIOUS_MOVE = YES;
				CLANG_WARN_UNGUARDED_AVAILABILITY = YES_AGGRESSIVE;
				CLANG_WARN_UNREACHABLE_CODE = YES;
				CLANG_WARN__DUPLICATE_METHOD_MATCH = YES;
				COPY_PHASE_STRIP = NO;
				DEBUG_INFORMATION_FORMAT = dwarf;
				ENABLE_STRICT_OBJC_MSGSEND = YES;
				ENABLE_TESTABILITY = YES;
				ENABLE_USER_SCRIPT_SANDBOXING = YES;
				GCC_C_LANGUAGE_STANDARD = gnu17;
				GCC_DYNAMIC_NO_PIC = NO;
				GCC_NO_COMMON_BLOCKS = YES;
				GCC_OPTIMIZATION_LEVEL = 0;
				GCC_PREPROCESSOR_DEFINITIONS = (
					"DEBUG=1",
					"$(inherited)",
				);
				GCC_WARN_64_TO_32_BIT_CONVERSION = YES;
				GCC_WARN_ABOUT_RETURN_TYPE = YES_ERROR;
				GCC_WARN_UNDECLARED_SELECTOR = YES;
				GCC_WARN_UNINITIALIZED_AUTOS = YES_AGGRESSIVE;
				GCC_WARN_UNUSED_FUNCTION = YES;
				GCC_WARN_UNUSED_VARIABLE = YES;
				IPHONEOS_DEPLOYMENT_TARGET = 18.2;
				LOCALIZATION_PREFERS_STRING_CATALOGS = YES;
				MTL_ENABLE_DEBUG_INFO = INCLUDE_SOURCE;
				MTL_FAST_MATH = YES;
				ONLY_ACTIVE_ARCH = YES;
				SDKROOT = iphoneos;
				SWIFT_ACTIVE_COMPILATION_CONDITIONS = "DEBUG $(inherited)";
				SWIFT_OPTIMIZATION_LEVEL = "-Onone";
			};
			name = Debug;
		};
		8DF535D72CCAD95C0093463B /* Release */ = {
			isa = XCBuildConfiguration;
			buildSettings = {
				ALWAYS_SEARCH_USER_PATHS = NO;
				ASSETCATALOG_COMPILER_GENERATE_SWIFT_ASSET_SYMBOL_EXTENSIONS = YES;
				CLANG_ANALYZER_NONNULL = YES;
				CLANG_ANALYZER_NUMBER_OBJECT_CONVERSION = YES_AGGRESSIVE;
				CLANG_CXX_LANGUAGE_STANDARD = "gnu++20";
				CLANG_ENABLE_MODULES = YES;
				CLANG_ENABLE_OBJC_ARC = YES;
				CLANG_ENABLE_OBJC_WEAK = YES;
				CLANG_WARN_BLOCK_CAPTURE_AUTORELEASING = YES;
				CLANG_WARN_BOOL_CONVERSION = YES;
				CLANG_WARN_COMMA = YES;
				CLANG_WARN_CONSTANT_CONVERSION = YES;
				CLANG_WARN_DEPRECATED_OBJC_IMPLEMENTATIONS = YES;
				CLANG_WARN_DIRECT_OBJC_ISA_USAGE = YES_ERROR;
				CLANG_WARN_DOCUMENTATION_COMMENTS = YES;
				CLANG_WARN_EMPTY_BODY = YES;
				CLANG_WARN_ENUM_CONVERSION = YES;
				CLANG_WARN_INFINITE_RECURSION = YES;
				CLANG_WARN_INT_CONVERSION = YES;
				CLANG_WARN_NON_LITERAL_NULL_CONVERSION = YES;
				CLANG_WARN_OBJC_IMPLICIT_RETAIN_SELF = YES;
				CLANG_WARN_OBJC_LITERAL_CONVERSION = YES;
				CLANG_WARN_OBJC_ROOT_CLASS = YES_ERROR;
				CLANG_WARN_QUOTED_INCLUDE_IN_FRAMEWORK_HEADER = YES;
				CLANG_WARN_RANGE_LOOP_ANALYSIS = YES;
				CLANG_WARN_STRICT_PROTOTYPES = YES;
				CLANG_WARN_SUSPICIOUS_MOVE = YES;
				CLANG_WARN_UNGUARDED_AVAILABILITY = YES_AGGRESSIVE;
				CLANG_WARN_UNREACHABLE_CODE = YES;
				CLANG_WARN__DUPLICATE_METHOD_MATCH = YES;
				COPY_PHASE_STRIP = NO;
				DEBUG_INFORMATION_FORMAT = "dwarf-with-dsym";
				ENABLE_NS_ASSERTIONS = NO;
				ENABLE_STRICT_OBJC_MSGSEND = YES;
				ENABLE_USER_SCRIPT_SANDBOXING = YES;
				GCC_C_LANGUAGE_STANDARD = gnu17;
				GCC_NO_COMMON_BLOCKS = YES;
				GCC_WARN_64_TO_32_BIT_CONVERSION = YES;
				GCC_WARN_ABOUT_RETURN_TYPE = YES_ERROR;
				GCC_WARN_UNDECLARED_SELECTOR = YES;
				GCC_WARN_UNINITIALIZED_AUTOS = YES_AGGRESSIVE;
				GCC_WARN_UNUSED_FUNCTION = YES;
				GCC_WARN_UNUSED_VARIABLE = YES;
				IPHONEOS_DEPLOYMENT_TARGET = 18.2;
				LOCALIZATION_PREFERS_STRING_CATALOGS = YES;
				MTL_ENABLE_DEBUG_INFO = NO;
				MTL_FAST_MATH = YES;
				SDKROOT = iphoneos;
				SWIFT_COMPILATION_MODE = wholemodule;
				VALIDATE_PRODUCT = YES;
			};
			name = Release;
		};
		8DF535D92CCAD95C0093463B /* Debug */ = {
			isa = XCBuildConfiguration;
			buildSettings = {
				ASSETCATALOG_COMPILER_APPICON_NAME = AppIcon;
				ASSETCATALOG_COMPILER_GLOBAL_ACCENT_COLOR_NAME = AccentColor;
				CODE_SIGN_STYLE = Automatic;
				CURRENT_PROJECT_VERSION = 1;
				DEVELOPMENT_ASSET_PATHS = "\"BlueskyPoster/Preview Content\"";
				DEVELOPMENT_TEAM = 44U4N2P8L5;
				ENABLE_PREVIEWS = YES;
				GENERATE_INFOPLIST_FILE = YES;
				INFOPLIST_FILE = BlueskyPoster/Info.plist;
				INFOPLIST_KEY_LSApplicationCategoryType = "";
				INFOPLIST_KEY_UIApplicationSupportsIndirectInputEvents = YES;
				INFOPLIST_KEY_UILaunchScreen_Generation = YES;
				INFOPLIST_KEY_UISupportedInterfaceOrientations_iPad = "UIInterfaceOrientationPortrait UIInterfaceOrientationPortraitUpsideDown UIInterfaceOrientationLandscapeLeft UIInterfaceOrientationLandscapeRight";
				INFOPLIST_KEY_UISupportedInterfaceOrientations_iPhone = "UIInterfaceOrientationPortrait UIInterfaceOrientationLandscapeLeft UIInterfaceOrientationLandscapeRight";
				IPHONEOS_DEPLOYMENT_TARGET = 16;
				LD_RUNPATH_SEARCH_PATHS = (
					"$(inherited)",
					"@executable_path/Frameworks",
				);
				MARKETING_VERSION = 1.0;
				PRODUCT_BUNDLE_IDENTIFIER = com.timi2506.BlueskyPoster;
				PRODUCT_NAME = "$(TARGET_NAME)";
				SWIFT_EMIT_LOC_STRINGS = YES;
				SWIFT_VERSION = 5.0;
				TARGETED_DEVICE_FAMILY = "1,2";
			};
			name = Debug;
		};
		8DF535DA2CCAD95C0093463B /* Release */ = {
			isa = XCBuildConfiguration;
			buildSettings = {
				ASSETCATALOG_COMPILER_APPICON_NAME = AppIcon;
				ASSETCATALOG_COMPILER_GLOBAL_ACCENT_COLOR_NAME = AccentColor;
				CODE_SIGN_STYLE = Automatic;
				CURRENT_PROJECT_VERSION = 1;
				DEVELOPMENT_ASSET_PATHS = "\"BlueskyPoster/Preview Content\"";
				DEVELOPMENT_TEAM = 44U4N2P8L5;
				ENABLE_PREVIEWS = YES;
				GENERATE_INFOPLIST_FILE = YES;
				INFOPLIST_FILE = BlueskyPoster/Info.plist;
				INFOPLIST_KEY_LSApplicationCategoryType = "";
				INFOPLIST_KEY_UIApplicationSupportsIndirectInputEvents = YES;
				INFOPLIST_KEY_UILaunchScreen_Generation = YES;
				INFOPLIST_KEY_UISupportedInterfaceOrientations_iPad = "UIInterfaceOrientationPortrait UIInterfaceOrientationPortraitUpsideDown UIInterfaceOrientationLandscapeLeft UIInterfaceOrientationLandscapeRight";
				INFOPLIST_KEY_UISupportedInterfaceOrientations_iPhone = "UIInterfaceOrientationPortrait UIInterfaceOrientationLandscapeLeft UIInterfaceOrientationLandscapeRight";
				IPHONEOS_DEPLOYMENT_TARGET = 16;
				LD_RUNPATH_SEARCH_PATHS = (
					"$(inherited)",
					"@executable_path/Frameworks",
				);
				MARKETING_VERSION = 1.0;
				PRODUCT_BUNDLE_IDENTIFIER = com.timi2506.BlueskyPoster;
				PRODUCT_NAME = "$(TARGET_NAME)";
				SWIFT_EMIT_LOC_STRINGS = YES;
				SWIFT_VERSION = 5.0;
				TARGETED_DEVICE_FAMILY = "1,2";
			};
			name = Release;
		};
		8DF535DC2CCAD95C0093463B /* Debug */ = {
			isa = XCBuildConfiguration;
			buildSettings = {
				BUNDLE_LOADER = "$(TEST_HOST)";
				CODE_SIGN_STYLE = Automatic;
				CURRENT_PROJECT_VERSION = 1;
				DEVELOPMENT_TEAM = 44U4N2P8L5;
				GENERATE_INFOPLIST_FILE = YES;
				IPHONEOS_DEPLOYMENT_TARGET = 18.2;
				MARKETING_VERSION = 1.0;
				PRODUCT_BUNDLE_IDENTIFIER = com.timi2506.BlueskyPosterTests;
				PRODUCT_NAME = "$(TARGET_NAME)";
				SWIFT_EMIT_LOC_STRINGS = NO;
				SWIFT_VERSION = 5.0;
				TARGETED_DEVICE_FAMILY = "1,2";
				TEST_HOST = "$(BUILT_PRODUCTS_DIR)/BlueskyPoster.app/$(BUNDLE_EXECUTABLE_FOLDER_PATH)/BlueskyPoster";
			};
			name = Debug;
		};
		8DF535DD2CCAD95C0093463B /* Release */ = {
			isa = XCBuildConfiguration;
			buildSettings = {
				BUNDLE_LOADER = "$(TEST_HOST)";
				CODE_SIGN_STYLE = Automatic;
				CURRENT_PROJECT_VERSION = 1;
				DEVELOPMENT_TEAM = 44U4N2P8L5;
				GENERATE_INFOPLIST_FILE = YES;
				IPHONEOS_DEPLOYMENT_TARGET = 18.2;
				MARKETING_VERSION = 1.0;
				PRODUCT_BUNDLE_IDENTIFIER = com.timi2506.BlueskyPosterTests;
				PRODUCT_NAME = "$(TARGET_NAME)";
				SWIFT_EMIT_LOC_STRINGS = NO;
				SWIFT_VERSION = 5.0;
				TARGETED_DEVICE_FAMILY = "1,2";
				TEST_HOST = "$(BUILT_PRODUCTS_DIR)/BlueskyPoster.app/$(BUNDLE_EXECUTABLE_FOLDER_PATH)/BlueskyPoster";
			};
			name = Release;
		};
		8DF535DF2CCAD95C0093463B /* Debug */ = {
			isa = XCBuildConfiguration;
			buildSettings = {
				CODE_SIGN_STYLE = Automatic;
				CURRENT_PROJECT_VERSION = 1;
				DEVELOPMENT_TEAM = 44U4N2P8L5;
				GENERATE_INFOPLIST_FILE = YES;
				MARKETING_VERSION = 1.0;
				PRODUCT_BUNDLE_IDENTIFIER = com.timi2506.BlueskyPosterUITests;
				PRODUCT_NAME = "$(TARGET_NAME)";
				SWIFT_EMIT_LOC_STRINGS = NO;
				SWIFT_VERSION = 5.0;
				TARGETED_DEVICE_FAMILY = "1,2";
				TEST_TARGET_NAME = BlueskyPoster;
			};
			name = Debug;
		};
		8DF535E02CCAD95C0093463B /* Release */ = {
			isa = XCBuildConfiguration;
			buildSettings = {
				CODE_SIGN_STYLE = Automatic;
				CURRENT_PROJECT_VERSION = 1;
				DEVELOPMENT_TEAM = 44U4N2P8L5;
				GENERATE_INFOPLIST_FILE = YES;
				MARKETING_VERSION = 1.0;
				PRODUCT_BUNDLE_IDENTIFIER = com.timi2506.BlueskyPosterUITests;
				PRODUCT_NAME = "$(TARGET_NAME)";
				SWIFT_EMIT_LOC_STRINGS = NO;
				SWIFT_VERSION = 5.0;
				TARGETED_DEVICE_FAMILY = "1,2";
				TEST_TARGET_NAME = BlueskyPoster;
			};
			name = Release;
		};
/* End XCBuildConfiguration section */

/* Begin XCConfigurationList section */
		8DF535AF2CCAD95B0093463B /* Build configuration list for PBXProject "BlueskyPoster" */ = {
			isa = XCConfigurationList;
			buildConfigurations = (
				8DF535D62CCAD95C0093463B /* Debug */,
				8DF535D72CCAD95C0093463B /* Release */,
			);
			defaultConfigurationIsVisible = 0;
			defaultConfigurationName = Release;
		};
		8DF535D82CCAD95C0093463B /* Build configuration list for PBXNativeTarget "BlueskyPoster" */ = {
			isa = XCConfigurationList;
			buildConfigurations = (
				8DF535D92CCAD95C0093463B /* Debug */,
				8DF535DA2CCAD95C0093463B /* Release */,
			);
			defaultConfigurationIsVisible = 0;
			defaultConfigurationName = Release;
		};
		8DF535DB2CCAD95C0093463B /* Build configuration list for PBXNativeTarget "BlueskyPosterTests" */ = {
			isa = XCConfigurationList;
			buildConfigurations = (
				8DF535DC2CCAD95C0093463B /* Debug */,
				8DF535DD2CCAD95C0093463B /* Release */,
			);
			defaultConfigurationIsVisible = 0;
			defaultConfigurationName = Release;
		};
		8DF535DE2CCAD95C0093463B /* Build configuration list for PBXNativeTarget "BlueskyPosterUITests" */ = {
			isa = XCConfigurationList;
			buildConfigurations = (
				8DF535DF2CCAD95C0093463B /* Debug */,
				8DF535E02CCAD95C0093463B /* Release */,
			);
			defaultConfigurationIsVisible = 0;
			defaultConfigurationName = Release;
		};
/* End XCConfigurationList section */

/* Begin XCRemoteSwiftPackageReference section */
		8DF535E92CCADA130093463B /* XCRemoteSwiftPackageReference "Alamofire" */ = {
			isa = XCRemoteSwiftPackageReference;
			repositoryURL = "https://github.com/Alamofire/Alamofire.git";
			requirement = {
				kind = upToNextMajorVersion;
				minimumVersion = 5.10.1;
			};
		};
/* End XCRemoteSwiftPackageReference section */

/* Begin XCSwiftPackageProductDependency section */
		8DF535EA2CCADA130093463B /* Alamofire */ = {
			isa = XCSwiftPackageProductDependency;
			package = 8DF535E92CCADA130093463B /* XCRemoteSwiftPackageReference "Alamofire" */;
			productName = Alamofire;
		};
/* End XCSwiftPackageProductDependency section */
	};
	rootObject = 8DF535AC2CCAD95B0093463B /* Project object */;
}
